
Microsoft Visual Studio Solution File, Format Version 12.00
# Visual Studio Version 17
VisualStudioVersion = 17.4.33213.308
MinimumVisualStudioVersion = 10.0.40219.1
Project("{FAE04EC0-301F-11D3-BF4B-00C04F79EFBC}") = "twitter-account-service", "twitter-account-service\twitter-account-service.csproj", "{6FD26005-BCE1-4D80-A36C-E67214F60FA9}"
EndProject
Global
	GlobalSection(SolutionConfigurationPlatforms) = preSolution
		Debug|Any CPU = Debug|Any CPU
		Release|Any CPU = Release|Any CPU
	EndGlobalSection
	GlobalSection(ProjectConfigurationPlatforms) = postSolution
		{6FD26005-BCE1-4D80-A36C-E67214F60FA9}.Debug|Any CPU.ActiveCfg = Debug|Any CPU
		{6FD26005-BCE1-4D80-A36C-E67214F60FA9}.Debug|Any CPU.Build.0 = Debug|Any CPU
		{6FD26005-BCE1-4D80-A36C-E67214F60FA9}.Release|Any CPU.ActiveCfg = Release|Any CPU
		{6FD26005-BCE1-4D80-A36C-E67214F60FA9}.Release|Any CPU.Build.0 = Release|Any CPU
	EndGlobalSection
	GlobalSection(SolutionProperties) = preSolution
		HideSolutionNode = FALSE
	EndGlobalSection
	GlobalSection(ExtensibilityGlobals) = postSolution
		SolutionGuid = {49976473-18F8-4D5E-A97E-DDEFDDB1BF03}
	EndGlobalSection
EndGlobal
